// !$*UTF8*$!
{
	archiveVersion = 1;
	classes = {
	};
	objectVersion = 55;
	objects = {

/* Begin PBXBuildFile section */
		E29FB72B285451AB00E16A96 /* FileTreeViewController.swift in Sources */ = {isa = PBXBuildFile; fileRef = E29FB72A285451AB00E16A96 /* FileTreeViewController.swift */; };
		E2A9ED792858CB4800A7564C /* MockGoogleSheetsService.swift in Sources */ = {isa = PBXBuildFile; fileRef = E2A9ED782858CB4800A7564C /* MockGoogleSheetsService.swift */; };
		E2A9ED7B2858CB6A00A7564C /* FileItem+Samples.swift in Sources */ = {isa = PBXBuildFile; fileRef = E2A9ED7A2858CB6A00A7564C /* FileItem+Samples.swift */; };
		E2D0301D284DC19600E6247E /* AppDelegate.swift in Sources */ = {isa = PBXBuildFile; fileRef = E2D0301C284DC19600E6247E /* AppDelegate.swift */; };
		E2D0301F284DC19600E6247E /* SceneDelegate.swift in Sources */ = {isa = PBXBuildFile; fileRef = E2D0301E284DC19600E6247E /* SceneDelegate.swift */; };
		E2D03021284DC19600E6247E /* FilesViewController.swift in Sources */ = {isa = PBXBuildFile; fileRef = E2D03020284DC19600E6247E /* FilesViewController.swift */; };
		E2D03026284DC19900E6247E /* Assets.xcassets in Resources */ = {isa = PBXBuildFile; fileRef = E2D03025284DC19900E6247E /* Assets.xcassets */; };
		E2D03029284DC19900E6247E /* LaunchScreen.storyboard in Resources */ = {isa = PBXBuildFile; fileRef = E2D03027284DC19900E6247E /* LaunchScreen.storyboard */; };
		E2D03034284DC19A00E6247E /* ViewModelTests.swift in Sources */ = {isa = PBXBuildFile; fileRef = E2D03033284DC19A00E6247E /* ViewModelTests.swift */; };
		E2D0303E284DC19A00E6247E /* ReaddleAssignmentUITests.swift in Sources */ = {isa = PBXBuildFile; fileRef = E2D0303D284DC19A00E6247E /* ReaddleAssignmentUITests.swift */; };
		E2D03040284DC19A00E6247E /* ReaddleAssignmentUITestsLaunchTests.swift in Sources */ = {isa = PBXBuildFile; fileRef = E2D0303F284DC19A00E6247E /* ReaddleAssignmentUITestsLaunchTests.swift */; };
		E2D0304D284E8AF000E6247E /* FileExplorerLayout.swift in Sources */ = {isa = PBXBuildFile; fileRef = E2D0304C284E8AF000E6247E /* FileExplorerLayout.swift */; };
		E2D0304F284E906200E6247E /* FileIcon.swift in Sources */ = {isa = PBXBuildFile; fileRef = E2D0304E284E906200E6247E /* FileIcon.swift */; };
		E2D03051284E946C00E6247E /* ViewModel.swift in Sources */ = {isa = PBXBuildFile; fileRef = E2D03050284E946C00E6247E /* ViewModel.swift */; };
		E2D030542850C74E00E6247E /* NetworkManager.swift in Sources */ = {isa = PBXBuildFile; fileRef = E2D030532850C74E00E6247E /* NetworkManager.swift */; };
		E2D030562851A2C700E6247E /* NetworkManagerProtocol.swift in Sources */ = {isa = PBXBuildFile; fileRef = E2D030552851A2C700E6247E /* NetworkManagerProtocol.swift */; };
		E2D030582851A2ED00E6247E /* Endpoint.swift in Sources */ = {isa = PBXBuildFile; fileRef = E2D030572851A2ED00E6247E /* Endpoint.swift */; };
		E2D0305C2851A32900E6247E /* Endpoint+MakeURL.swift in Sources */ = {isa = PBXBuildFile; fileRef = E2D0305B2851A32900E6247E /* Endpoint+MakeURL.swift */; };
		E2D0305F2851A47100E6247E /* GoogleSheetsService.swift in Sources */ = {isa = PBXBuildFile; fileRef = E2D0305E2851A47100E6247E /* GoogleSheetsService.swift */; };
		E2D030622851A48F00E6247E /* SpreadsheetData.swift in Sources */ = {isa = PBXBuildFile; fileRef = E2D030612851A48F00E6247E /* SpreadsheetData.swift */; };
		E2D030642851A49900E6247E /* FileItem.swift in Sources */ = {isa = PBXBuildFile; fileRef = E2D030632851A49900E6247E /* FileItem.swift */; };
		E2D030662851A52A00E6247E /* EndpointList.swift in Sources */ = {isa = PBXBuildFile; fileRef = E2D030652851A52A00E6247E /* EndpointList.swift */; };
		E2D030682851A5F800E6247E /* GoogleSheetsServiceProtocol.swift in Sources */ = {isa = PBXBuildFile; fileRef = E2D030672851A5F800E6247E /* GoogleSheetsServiceProtocol.swift */; };
		E2D0306A2851A84C00E6247E /* FilesDetailViewController.swift in Sources */ = {isa = PBXBuildFile; fileRef = E2D030692851A84C00E6247E /* FilesDetailViewController.swift */; };
/* End PBXBuildFile section */

/* Begin PBXContainerItemProxy section */
		E2D03030284DC19A00E6247E /* PBXContainerItemProxy */ = {
			isa = PBXContainerItemProxy;
			containerPortal = E2D03011284DC19600E6247E /* Project object */;
			proxyType = 1;
			remoteGlobalIDString = E2D03018284DC19600E6247E;
			remoteInfo = ReaddleAssignment;
		};
		E2D0303A284DC19A00E6247E /* PBXContainerItemProxy */ = {
			isa = PBXContainerItemProxy;
			containerPortal = E2D03011284DC19600E6247E /* Project object */;
			proxyType = 1;
			remoteGlobalIDString = E2D03018284DC19600E6247E;
			remoteInfo = ReaddleAssignment;
		};
/* End PBXContainerItemProxy section */

/* Begin PBXFileReference section */
		E29FB72A285451AB00E16A96 /* FileTreeViewController.swift */ = {isa = PBXFileReference; lastKnownFileType = sourcecode.swift; path = FileTreeViewController.swift; sourceTree = "<group>"; };
		E2A9ED782858CB4800A7564C /* MockGoogleSheetsService.swift */ = {isa = PBXFileReference; lastKnownFileType = sourcecode.swift; path = MockGoogleSheetsService.swift; sourceTree = "<group>"; };
		E2A9ED7A2858CB6A00A7564C /* FileItem+Samples.swift */ = {isa = PBXFileReference; lastKnownFileType = sourcecode.swift; path = "FileItem+Samples.swift"; sourceTree = "<group>"; };
		E2D03019284DC19600E6247E /* ReaddleAssignment.app */ = {isa = PBXFileReference; explicitFileType = wrapper.application; includeInIndex = 0; path = ReaddleAssignment.app; sourceTree = BUILT_PRODUCTS_DIR; };
		E2D0301C284DC19600E6247E /* AppDelegate.swift */ = {isa = PBXFileReference; lastKnownFileType = sourcecode.swift; path = AppDelegate.swift; sourceTree = "<group>"; };
		E2D0301E284DC19600E6247E /* SceneDelegate.swift */ = {isa = PBXFileReference; lastKnownFileType = sourcecode.swift; path = SceneDelegate.swift; sourceTree = "<group>"; };
		E2D03020284DC19600E6247E /* FilesViewController.swift */ = {isa = PBXFileReference; lastKnownFileType = sourcecode.swift; path = FilesViewController.swift; sourceTree = "<group>"; };
		E2D03025284DC19900E6247E /* Assets.xcassets */ = {isa = PBXFileReference; lastKnownFileType = folder.assetcatalog; path = Assets.xcassets; sourceTree = "<group>"; };
		E2D03028284DC19900E6247E /* Base */ = {isa = PBXFileReference; lastKnownFileType = file.storyboard; name = Base; path = Base.lproj/LaunchScreen.storyboard; sourceTree = "<group>"; };
		E2D0302A284DC19900E6247E /* Info.plist */ = {isa = PBXFileReference; lastKnownFileType = text.plist.xml; path = Info.plist; sourceTree = "<group>"; };
		E2D0302F284DC19A00E6247E /* ReaddleAssignmentTests.xctest */ = {isa = PBXFileReference; explicitFileType = wrapper.cfbundle; includeInIndex = 0; path = ReaddleAssignmentTests.xctest; sourceTree = BUILT_PRODUCTS_DIR; };
		E2D03033284DC19A00E6247E /* ViewModelTests.swift */ = {isa = PBXFileReference; lastKnownFileType = sourcecode.swift; path = ViewModelTests.swift; sourceTree = "<group>"; };
		E2D03039284DC19A00E6247E /* ReaddleAssignmentUITests.xctest */ = {isa = PBXFileReference; explicitFileType = wrapper.cfbundle; includeInIndex = 0; path = ReaddleAssignmentUITests.xctest; sourceTree = BUILT_PRODUCTS_DIR; };
		E2D0303D284DC19A00E6247E /* ReaddleAssignmentUITests.swift */ = {isa = PBXFileReference; lastKnownFileType = sourcecode.swift; path = ReaddleAssignmentUITests.swift; sourceTree = "<group>"; };
		E2D0303F284DC19A00E6247E /* ReaddleAssignmentUITestsLaunchTests.swift */ = {isa = PBXFileReference; lastKnownFileType = sourcecode.swift; path = ReaddleAssignmentUITestsLaunchTests.swift; sourceTree = "<group>"; };
		E2D0304C284E8AF000E6247E /* FileExplorerLayout.swift */ = {isa = PBXFileReference; lastKnownFileType = sourcecode.swift; path = FileExplorerLayout.swift; sourceTree = "<group>"; };
		E2D0304E284E906200E6247E /* FileIcon.swift */ = {isa = PBXFileReference; lastKnownFileType = sourcecode.swift; path = FileIcon.swift; sourceTree = "<group>"; };
		E2D03050284E946C00E6247E /* ViewModel.swift */ = {isa = PBXFileReference; lastKnownFileType = sourcecode.swift; path = ViewModel.swift; sourceTree = "<group>"; };
		E2D030532850C74E00E6247E /* NetworkManager.swift */ = {isa = PBXFileReference; lastKnownFileType = sourcecode.swift; path = NetworkManager.swift; sourceTree = "<group>"; };
		E2D030552851A2C700E6247E /* NetworkManagerProtocol.swift */ = {isa = PBXFileReference; lastKnownFileType = sourcecode.swift; path = NetworkManagerProtocol.swift; sourceTree = "<group>"; };
		E2D030572851A2ED00E6247E /* Endpoint.swift */ = {isa = PBXFileReference; lastKnownFileType = sourcecode.swift; path = Endpoint.swift; sourceTree = "<group>"; };
		E2D0305B2851A32900E6247E /* Endpoint+MakeURL.swift */ = {isa = PBXFileReference; lastKnownFileType = sourcecode.swift; path = "Endpoint+MakeURL.swift"; sourceTree = "<group>"; };
		E2D0305E2851A47100E6247E /* GoogleSheetsService.swift */ = {isa = PBXFileReference; lastKnownFileType = sourcecode.swift; path = GoogleSheetsService.swift; sourceTree = "<group>"; };
		E2D030612851A48F00E6247E /* SpreadsheetData.swift */ = {isa = PBXFileReference; lastKnownFileType = sourcecode.swift; path = SpreadsheetData.swift; sourceTree = "<group>"; };
		E2D030632851A49900E6247E /* FileItem.swift */ = {isa = PBXFileReference; lastKnownFileType = sourcecode.swift; path = FileItem.swift; sourceTree = "<group>"; };
		E2D030652851A52A00E6247E /* EndpointList.swift */ = {isa = PBXFileReference; lastKnownFileType = sourcecode.swift; path = EndpointList.swift; sourceTree = "<group>"; };
		E2D030672851A5F800E6247E /* GoogleSheetsServiceProtocol.swift */ = {isa = PBXFileReference; lastKnownFileType = sourcecode.swift; path = GoogleSheetsServiceProtocol.swift; sourceTree = "<group>"; };
		E2D030692851A84C00E6247E /* FilesDetailViewController.swift */ = {isa = PBXFileReference; lastKnownFileType = sourcecode.swift; path = FilesDetailViewController.swift; sourceTree = "<group>"; };
/* End PBXFileReference section */

/* Begin PBXFrameworksBuildPhase section */
		E2D03016284DC19600E6247E /* Frameworks */ = {
			isa = PBXFrameworksBuildPhase;
			buildActionMask = 2147483647;
			files = (
			);
			runOnlyForDeploymentPostprocessing = 0;
		};
		E2D0302C284DC19A00E6247E /* Frameworks */ = {
			isa = PBXFrameworksBuildPhase;
			buildActionMask = 2147483647;
			files = (
			);
			runOnlyForDeploymentPostprocessing = 0;
		};
		E2D03036284DC19A00E6247E /* Frameworks */ = {
			isa = PBXFrameworksBuildPhase;
			buildActionMask = 2147483647;
			files = (
			);
			runOnlyForDeploymentPostprocessing = 0;
		};
/* End PBXFrameworksBuildPhase section */

/* Begin PBXGroup section */
		E29FB72C285475BB00E16A96 /* Views */ = {
			isa = PBXGroup;
			children = (
				E29FB72A285451AB00E16A96 /* FileTreeViewController.swift */,
				E2D03020284DC19600E6247E /* FilesViewController.swift */,
				E2D030692851A84C00E6247E /* FilesDetailViewController.swift */,
				E2D0304E284E906200E6247E /* FileIcon.swift */,
			);
			path = Views;
			sourceTree = "<group>";
		};
		E2A9ED7C2858CE6700A7564C /* Tests */ = {
			isa = PBXGroup;
			children = (
				E2D03033284DC19A00E6247E /* ViewModelTests.swift */,
			);
			path = Tests;
			sourceTree = "<group>";
		};
		E2A9ED7D2858CE6E00A7564C /* Samples */ = {
			isa = PBXGroup;
			children = (
				E2A9ED7A2858CB6A00A7564C /* FileItem+Samples.swift */,
			);
			path = Samples;
			sourceTree = "<group>";
		};
		E2A9ED7E2858CE7600A7564C /* Mocks */ = {
			isa = PBXGroup;
			children = (
				E2A9ED782858CB4800A7564C /* MockGoogleSheetsService.swift */,
			);
			path = Mocks;
			sourceTree = "<group>";
		};
		E2D03010284DC19600E6247E = {
			isa = PBXGroup;
			children = (
				E2D0301B284DC19600E6247E /* ReaddleAssignment */,
				E2D03032284DC19A00E6247E /* ReaddleAssignmentTests */,
				E2D0303C284DC19A00E6247E /* ReaddleAssignmentUITests */,
				E2D0301A284DC19600E6247E /* Products */,
			);
			sourceTree = "<group>";
		};
		E2D0301A284DC19600E6247E /* Products */ = {
			isa = PBXGroup;
			children = (
				E2D03019284DC19600E6247E /* ReaddleAssignment.app */,
				E2D0302F284DC19A00E6247E /* ReaddleAssignmentTests.xctest */,
				E2D03039284DC19A00E6247E /* ReaddleAssignmentUITests.xctest */,
			);
			name = Products;
			sourceTree = "<group>";
		};
		E2D0301B284DC19600E6247E /* ReaddleAssignment */ = {
			isa = PBXGroup;
			children = (
				E2D0301C284DC19600E6247E /* AppDelegate.swift */,
				E2D0301E284DC19600E6247E /* SceneDelegate.swift */,
				E29FB72C285475BB00E16A96 /* Views */,
				E2D030602851A48500E6247E /* Models */,
				E2D030522850C6F500E6247E /* Networking */,
				E2D03050284E946C00E6247E /* ViewModel.swift */,
				E2D0304C284E8AF000E6247E /* FileExplorerLayout.swift */,
				E2D03025284DC19900E6247E /* Assets.xcassets */,
				E2D03027284DC19900E6247E /* LaunchScreen.storyboard */,
				E2D0302A284DC19900E6247E /* Info.plist */,
			);
			path = ReaddleAssignment;
			sourceTree = "<group>";
		};
		E2D03032284DC19A00E6247E /* ReaddleAssignmentTests */ = {
			isa = PBXGroup;
			children = (
				E2A9ED7C2858CE6700A7564C /* Tests */,
				E2A9ED7D2858CE6E00A7564C /* Samples */,
				E2A9ED7E2858CE7600A7564C /* Mocks */,
			);
			path = ReaddleAssignmentTests;
			sourceTree = "<group>";
		};
		E2D0303C284DC19A00E6247E /* ReaddleAssignmentUITests */ = {
			isa = PBXGroup;
			children = (
				E2D0303D284DC19A00E6247E /* ReaddleAssignmentUITests.swift */,
				E2D0303F284DC19A00E6247E /* ReaddleAssignmentUITestsLaunchTests.swift */,
			);
			path = ReaddleAssignmentUITests;
			sourceTree = "<group>";
		};
		E2D030522850C6F500E6247E /* Networking */ = {
			isa = PBXGroup;
			children = (
				E2D0305D2851A44900E6247E /* GoogleSheetsService */,
				E2D030592851A2F200E6247E /* NetworkManager */,
				E2D0305A2851A2FE00E6247E /* Endpoint */,
			);
			path = Networking;
			sourceTree = "<group>";
		};
		E2D030592851A2F200E6247E /* NetworkManager */ = {
			isa = PBXGroup;
			children = (
				E2D030532850C74E00E6247E /* NetworkManager.swift */,
				E2D030552851A2C700E6247E /* NetworkManagerProtocol.swift */,
			);
			path = NetworkManager;
			sourceTree = "<group>";
		};
		E2D0305A2851A2FE00E6247E /* Endpoint */ = {
			isa = PBXGroup;
			children = (
				E2D030572851A2ED00E6247E /* Endpoint.swift */,
				E2D0305B2851A32900E6247E /* Endpoint+MakeURL.swift */,
				E2D030652851A52A00E6247E /* EndpointList.swift */,
			);
			path = Endpoint;
			sourceTree = "<group>";
		};
		E2D0305D2851A44900E6247E /* GoogleSheetsService */ = {
			isa = PBXGroup;
			children = (
				E2D0305E2851A47100E6247E /* GoogleSheetsService.swift */,
				E2D030672851A5F800E6247E /* GoogleSheetsServiceProtocol.swift */,
			);
			path = GoogleSheetsService;
			sourceTree = "<group>";
		};
		E2D030602851A48500E6247E /* Models */ = {
			isa = PBXGroup;
			children = (
				E2D030612851A48F00E6247E /* SpreadsheetData.swift */,
				E2D030632851A49900E6247E /* FileItem.swift */,
			);
			path = Models;
			sourceTree = "<group>";
		};
/* End PBXGroup section */

/* Begin PBXNativeTarget section */
		E2D03018284DC19600E6247E /* ReaddleAssignment */ = {
			isa = PBXNativeTarget;
			buildConfigurationList = E2D03043284DC19A00E6247E /* Build configuration list for PBXNativeTarget "ReaddleAssignment" */;
			buildPhases = (
				E2D03015284DC19600E6247E /* Sources */,
				E2D03016284DC19600E6247E /* Frameworks */,
				E2D03017284DC19600E6247E /* Resources */,
			);
			buildRules = (
			);
			dependencies = (
			);
			name = ReaddleAssignment;
			productName = ReaddleAssignment;
			productReference = E2D03019284DC19600E6247E /* ReaddleAssignment.app */;
			productType = "com.apple.product-type.application";
		};
		E2D0302E284DC19A00E6247E /* ReaddleAssignmentTests */ = {
			isa = PBXNativeTarget;
			buildConfigurationList = E2D03046284DC19A00E6247E /* Build configuration list for PBXNativeTarget "ReaddleAssignmentTests" */;
			buildPhases = (
				E2D0302B284DC19A00E6247E /* Sources */,
				E2D0302C284DC19A00E6247E /* Frameworks */,
				E2D0302D284DC19A00E6247E /* Resources */,
			);
			buildRules = (
			);
			dependencies = (
				E2D03031284DC19A00E6247E /* PBXTargetDependency */,
			);
			name = ReaddleAssignmentTests;
			productName = ReaddleAssignmentTests;
			productReference = E2D0302F284DC19A00E6247E /* ReaddleAssignmentTests.xctest */;
			productType = "com.apple.product-type.bundle.unit-test";
		};
		E2D03038284DC19A00E6247E /* ReaddleAssignmentUITests */ = {
			isa = PBXNativeTarget;
			buildConfigurationList = E2D03049284DC19A00E6247E /* Build configuration list for PBXNativeTarget "ReaddleAssignmentUITests" */;
			buildPhases = (
				E2D03035284DC19A00E6247E /* Sources */,
				E2D03036284DC19A00E6247E /* Frameworks */,
				E2D03037284DC19A00E6247E /* Resources */,
			);
			buildRules = (
			);
			dependencies = (
				E2D0303B284DC19A00E6247E /* PBXTargetDependency */,
			);
			name = ReaddleAssignmentUITests;
			productName = ReaddleAssignmentUITests;
			productReference = E2D03039284DC19A00E6247E /* ReaddleAssignmentUITests.xctest */;
			productType = "com.apple.product-type.bundle.ui-testing";
		};
/* End PBXNativeTarget section */

/* Begin PBXProject section */
		E2D03011284DC19600E6247E /* Project object */ = {
			isa = PBXProject;
			attributes = {
				BuildIndependentTargetsInParallel = 1;
				LastSwiftUpdateCheck = 1340;
				LastUpgradeCheck = 1340;
				TargetAttributes = {
					E2D03018284DC19600E6247E = {
						CreatedOnToolsVersion = 13.4.1;
					};
					E2D0302E284DC19A00E6247E = {
						CreatedOnToolsVersion = 13.4.1;
						TestTargetID = E2D03018284DC19600E6247E;
					};
					E2D03038284DC19A00E6247E = {
						CreatedOnToolsVersion = 13.4.1;
						TestTargetID = E2D03018284DC19600E6247E;
					};
				};
			};
			buildConfigurationList = E2D03014284DC19600E6247E /* Build configuration list for PBXProject "ReaddleAssignment" */;
			compatibilityVersion = "Xcode 13.0";
			developmentRegion = en;
			hasScannedForEncodings = 0;
			knownRegions = (
				en,
				Base,
			);
			mainGroup = E2D03010284DC19600E6247E;
			productRefGroup = E2D0301A284DC19600E6247E /* Products */;
			projectDirPath = "";
			projectRoot = "";
			targets = (
				E2D03018284DC19600E6247E /* ReaddleAssignment */,
				E2D0302E284DC19A00E6247E /* ReaddleAssignmentTests */,
				E2D03038284DC19A00E6247E /* ReaddleAssignmentUITests */,
			);
		};
/* End PBXProject section */

/* Begin PBXResourcesBuildPhase section */
		E2D03017284DC19600E6247E /* Resources */ = {
			isa = PBXResourcesBuildPhase;
			buildActionMask = 2147483647;
			files = (
				E2D03029284DC19900E6247E /* LaunchScreen.storyboard in Resources */,
				E2D03026284DC19900E6247E /* Assets.xcassets in Resources */,
			);
			runOnlyForDeploymentPostprocessing = 0;
		};
		E2D0302D284DC19A00E6247E /* Resources */ = {
			isa = PBXResourcesBuildPhase;
			buildActionMask = 2147483647;
			files = (
			);
			runOnlyForDeploymentPostprocessing = 0;
		};
		E2D03037284DC19A00E6247E /* Resources */ = {
			isa = PBXResourcesBuildPhase;
			buildActionMask = 2147483647;
			files = (
			);
			runOnlyForDeploymentPostprocessing = 0;
		};
/* End PBXResourcesBuildPhase section */

/* Begin PBXSourcesBuildPhase section */
		E2D03015284DC19600E6247E /* Sources */ = {
			isa = PBXSourcesBuildPhase;
			buildActionMask = 2147483647;
			files = (
				E2D030662851A52A00E6247E /* EndpointList.swift in Sources */,
				E2D03021284DC19600E6247E /* FilesViewController.swift in Sources */,
				E2D030682851A5F800E6247E /* GoogleSheetsServiceProtocol.swift in Sources */,
				E2D030582851A2ED00E6247E /* Endpoint.swift in Sources */,
				E2D030622851A48F00E6247E /* SpreadsheetData.swift in Sources */,
				E2D0305F2851A47100E6247E /* GoogleSheetsService.swift in Sources */,
				E2D0301D284DC19600E6247E /* AppDelegate.swift in Sources */,
				E2D0304F284E906200E6247E /* FileIcon.swift in Sources */,
				E2D030542850C74E00E6247E /* NetworkManager.swift in Sources */,
				E2D0304D284E8AF000E6247E /* FileExplorerLayout.swift in Sources */,
				E2D03051284E946C00E6247E /* ViewModel.swift in Sources */,
				E29FB72B285451AB00E16A96 /* FileTreeViewController.swift in Sources */,
				E2D030562851A2C700E6247E /* NetworkManagerProtocol.swift in Sources */,
				E2D030642851A49900E6247E /* FileItem.swift in Sources */,
				E2D0305C2851A32900E6247E /* Endpoint+MakeURL.swift in Sources */,
				E2D0301F284DC19600E6247E /* SceneDelegate.swift in Sources */,
				E2D0306A2851A84C00E6247E /* FilesDetailViewController.swift in Sources */,
			);
			runOnlyForDeploymentPostprocessing = 0;
		};
		E2D0302B284DC19A00E6247E /* Sources */ = {
			isa = PBXSourcesBuildPhase;
			buildActionMask = 2147483647;
			files = (
				E2A9ED792858CB4800A7564C /* MockGoogleSheetsService.swift in Sources */,
				E2A9ED7B2858CB6A00A7564C /* FileItem+Samples.swift in Sources */,
				E2D03034284DC19A00E6247E /* ViewModelTests.swift in Sources */,
			);
			runOnlyForDeploymentPostprocessing = 0;
		};
		E2D03035284DC19A00E6247E /* Sources */ = {
			isa = PBXSourcesBuildPhase;
			buildActionMask = 2147483647;
			files = (
				E2D0303E284DC19A00E6247E /* ReaddleAssignmentUITests.swift in Sources */,
				E2D03040284DC19A00E6247E /* ReaddleAssignmentUITestsLaunchTests.swift in Sources */,
			);
			runOnlyForDeploymentPostprocessing = 0;
		};
/* End PBXSourcesBuildPhase section */

/* Begin PBXTargetDependency section */
		E2D03031284DC19A00E6247E /* PBXTargetDependency */ = {
			isa = PBXTargetDependency;
			target = E2D03018284DC19600E6247E /* ReaddleAssignment */;
			targetProxy = E2D03030284DC19A00E6247E /* PBXContainerItemProxy */;
		};
		E2D0303B284DC19A00E6247E /* PBXTargetDependency */ = {
			isa = PBXTargetDependency;
			target = E2D03018284DC19600E6247E /* ReaddleAssignment */;
			targetProxy = E2D0303A284DC19A00E6247E /* PBXContainerItemProxy */;
		};
/* End PBXTargetDependency section */

/* Begin PBXVariantGroup section */
		E2D03027284DC19900E6247E /* LaunchScreen.storyboard */ = {
			isa = PBXVariantGroup;
			children = (
				E2D03028284DC19900E6247E /* Base */,
			);
			name = LaunchScreen.storyboard;
			sourceTree = "<group>";
		};
/* End PBXVariantGroup section */

/* Begin XCBuildConfiguration section */
		E2D03041284DC19A00E6247E /* Debug */ = {
			isa = XCBuildConfiguration;
			buildSettings = {
				ALWAYS_SEARCH_USER_PATHS = NO;
				CLANG_ANALYZER_NONNULL = YES;
				CLANG_ANALYZER_NUMBER_OBJECT_CONVERSION = YES_AGGRESSIVE;
				CLANG_CXX_LANGUAGE_STANDARD = "gnu++17";
				CLANG_ENABLE_MODULES = YES;
				CLANG_ENABLE_OBJC_ARC = YES;
				CLANG_ENABLE_OBJC_WEAK = YES;
				CLANG_WARN_BLOCK_CAPTURE_AUTORELEASING = YES;
				CLANG_WARN_BOOL_CONVERSION = YES;
				CLANG_WARN_COMMA = YES;
				CLANG_WARN_CONSTANT_CONVERSION = YES;
				CLANG_WARN_DEPRECATED_OBJC_IMPLEMENTATIONS = YES;
				CLANG_WARN_DIRECT_OBJC_ISA_USAGE = YES_ERROR;
				CLANG_WARN_DOCUMENTATION_COMMENTS = YES;
				CLANG_WARN_EMPTY_BODY = YES;
				CLANG_WARN_ENUM_CONVERSION = YES;
				CLANG_WARN_INFINITE_RECURSION = YES;
				CLANG_WARN_INT_CONVERSION = YES;
				CLANG_WARN_NON_LITERAL_NULL_CONVERSION = YES;
				CLANG_WARN_OBJC_IMPLICIT_RETAIN_SELF = YES;
				CLANG_WARN_OBJC_LITERAL_CONVERSION = YES;
				CLANG_WARN_OBJC_ROOT_CLASS = YES_ERROR;
				CLANG_WARN_QUOTED_INCLUDE_IN_FRAMEWORK_HEADER = YES;
				CLANG_WARN_RANGE_LOOP_ANALYSIS = YES;
				CLANG_WARN_STRICT_PROTOTYPES = YES;
				CLANG_WARN_SUSPICIOUS_MOVE = YES;
				CLANG_WARN_UNGUARDED_AVAILABILITY = YES_AGGRESSIVE;
				CLANG_WARN_UNREACHABLE_CODE = YES;
				CLANG_WARN__DUPLICATE_METHOD_MATCH = YES;
				COPY_PHASE_STRIP = NO;
				DEBUG_INFORMATION_FORMAT = dwarf;
				ENABLE_STRICT_OBJC_MSGSEND = YES;
				ENABLE_TESTABILITY = YES;
				GCC_C_LANGUAGE_STANDARD = gnu11;
				GCC_DYNAMIC_NO_PIC = NO;
				GCC_NO_COMMON_BLOCKS = YES;
				GCC_OPTIMIZATION_LEVEL = 0;
				GCC_PREPROCESSOR_DEFINITIONS = (
					"DEBUG=1",
					"$(inherited)",
				);
				GCC_WARN_64_TO_32_BIT_CONVERSION = YES;
				GCC_WARN_ABOUT_RETURN_TYPE = YES_ERROR;
				GCC_WARN_UNDECLARED_SELECTOR = YES;
				GCC_WARN_UNINITIALIZED_AUTOS = YES_AGGRESSIVE;
				GCC_WARN_UNUSED_FUNCTION = YES;
				GCC_WARN_UNUSED_VARIABLE = YES;
				IPHONEOS_DEPLOYMENT_TARGET = 15.0;
				MTL_ENABLE_DEBUG_INFO = INCLUDE_SOURCE;
				MTL_FAST_MATH = YES;
				ONLY_ACTIVE_ARCH = YES;
				SDKROOT = iphoneos;
				SWIFT_ACTIVE_COMPILATION_CONDITIONS = DEBUG;
				SWIFT_OPTIMIZATION_LEVEL = "-Onone";
			};
			name = Debug;
		};
		E2D03042284DC19A00E6247E /* Release */ = {
			isa = XCBuildConfiguration;
			buildSettings = {
				ALWAYS_SEARCH_USER_PATHS = NO;
				CLANG_ANALYZER_NONNULL = YES;
				CLANG_ANALYZER_NUMBER_OBJECT_CONVERSION = YES_AGGRESSIVE;
				CLANG_CXX_LANGUAGE_STANDARD = "gnu++17";
				CLANG_ENABLE_MODULES = YES;
				CLANG_ENABLE_OBJC_ARC = YES;
				CLANG_ENABLE_OBJC_WEAK = YES;
				CLANG_WARN_BLOCK_CAPTURE_AUTORELEASING = YES;
				CLANG_WARN_BOOL_CONVERSION = YES;
				CLANG_WARN_COMMA = YES;
				CLANG_WARN_CONSTANT_CONVERSION = YES;
				CLANG_WARN_DEPRECATED_OBJC_IMPLEMENTATIONS = YES;
				CLANG_WARN_DIRECT_OBJC_ISA_USAGE = YES_ERROR;
				CLANG_WARN_DOCUMENTATION_COMMENTS = YES;
				CLANG_WARN_EMPTY_BODY = YES;
				CLANG_WARN_ENUM_CONVERSION = YES;
				CLANG_WARN_INFINITE_RECURSION = YES;
				CLANG_WARN_INT_CONVERSION = YES;
				CLANG_WARN_NON_LITERAL_NULL_CONVERSION = YES;
				CLANG_WARN_OBJC_IMPLICIT_RETAIN_SELF = YES;
				CLANG_WARN_OBJC_LITERAL_CONVERSION = YES;
				CLANG_WARN_OBJC_ROOT_CLASS = YES_ERROR;
				CLANG_WARN_QUOTED_INCLUDE_IN_FRAMEWORK_HEADER = YES;
				CLANG_WARN_RANGE_LOOP_ANALYSIS = YES;
				CLANG_WARN_STRICT_PROTOTYPES = YES;
				CLANG_WARN_SUSPICIOUS_MOVE = YES;
				CLANG_WARN_UNGUARDED_AVAILABILITY = YES_AGGRESSIVE;
				CLANG_WARN_UNREACHABLE_CODE = YES;
				CLANG_WARN__DUPLICATE_METHOD_MATCH = YES;
				COPY_PHASE_STRIP = NO;
				DEBUG_INFORMATION_FORMAT = "dwarf-with-dsym";
				ENABLE_NS_ASSERTIONS = NO;
				ENABLE_STRICT_OBJC_MSGSEND = YES;
				GCC_C_LANGUAGE_STANDARD = gnu11;
				GCC_NO_COMMON_BLOCKS = YES;
				GCC_WARN_64_TO_32_BIT_CONVERSION = YES;
				GCC_WARN_ABOUT_RETURN_TYPE = YES_ERROR;
				GCC_WARN_UNDECLARED_SELECTOR = YES;
				GCC_WARN_UNINITIALIZED_AUTOS = YES_AGGRESSIVE;
				GCC_WARN_UNUSED_FUNCTION = YES;
				GCC_WARN_UNUSED_VARIABLE = YES;
				IPHONEOS_DEPLOYMENT_TARGET = 15.0;
				MTL_ENABLE_DEBUG_INFO = NO;
				MTL_FAST_MATH = YES;
				SDKROOT = iphoneos;
				SWIFT_COMPILATION_MODE = wholemodule;
				SWIFT_OPTIMIZATION_LEVEL = "-O";
				VALIDATE_PRODUCT = YES;
			};
			name = Release;
		};
		E2D03044284DC19A00E6247E /* Debug */ = {
			isa = XCBuildConfiguration;
			buildSettings = {
				ASSETCATALOG_COMPILER_APPICON_NAME = AppIcon;
				ASSETCATALOG_COMPILER_GLOBAL_ACCENT_COLOR_NAME = AccentColor;
				CODE_SIGN_STYLE = Automatic;
				CURRENT_PROJECT_VERSION = 1;
				DEVELOPMENT_TEAM = TW4MPRU9AN;
				GENERATE_INFOPLIST_FILE = YES;
				INFOPLIST_FILE = ReaddleAssignment/Info.plist;
				INFOPLIST_KEY_UIApplicationSupportsIndirectInputEvents = YES;
				INFOPLIST_KEY_UILaunchStoryboardName = LaunchScreen;
				INFOPLIST_KEY_UISupportedInterfaceOrientations = UIInterfaceOrientationPortrait;
				INFOPLIST_KEY_UISupportedInterfaceOrientations_iPad = "UIInterfaceOrientationPortrait UIInterfaceOrientationPortraitUpsideDown UIInterfaceOrientationLandscapeLeft UIInterfaceOrientationLandscapeRight";
				INFOPLIST_KEY_UISupportedInterfaceOrientations_iPhone = "UIInterfaceOrientationPortrait UIInterfaceOrientationLandscapeLeft UIInterfaceOrientationLandscapeRight";
				IPHONEOS_DEPLOYMENT_TARGET = 15.0;
				LD_RUNPATH_SEARCH_PATHS = (
					"$(inherited)",
					"@executable_path/Frameworks",
				);
				MARKETING_VERSION = 1.0;
				PRODUCT_BUNDLE_IDENTIFIER = com.mgua.ReaddleAssignment;
				PRODUCT_NAME = "$(TARGET_NAME)";
				SWIFT_EMIT_LOC_STRINGS = YES;
				SWIFT_VERSION = 5.0;
				TARGETED_DEVICE_FAMILY = "1,2";
			};
			name = Debug;
		};
		E2D03045284DC19A00E6247E /* Release */ = {
			isa = XCBuildConfiguration;
			buildSettings = {
				ASSETCATALOG_COMPILER_APPICON_NAME = AppIcon;
				ASSETCATALOG_COMPILER_GLOBAL_ACCENT_COLOR_NAME = AccentColor;
				CODE_SIGN_STYLE = Automatic;
				CURRENT_PROJECT_VERSION = 1;
				DEVELOPMENT_TEAM = TW4MPRU9AN;
				GENERATE_INFOPLIST_FILE = YES;
				INFOPLIST_FILE = ReaddleAssignment/Info.plist;
				INFOPLIST_KEY_UIApplicationSupportsIndirectInputEvents = YES;
				INFOPLIST_KEY_UILaunchStoryboardName = LaunchScreen;
				INFOPLIST_KEY_UISupportedInterfaceOrientations = UIInterfaceOrientationPortrait;
				INFOPLIST_KEY_UISupportedInterfaceOrientations_iPad = "UIInterfaceOrientationPortrait UIInterfaceOrientationPortraitUpsideDown UIInterfaceOrientationLandscapeLeft UIInterfaceOrientationLandscapeRight";
				INFOPLIST_KEY_UISupportedInterfaceOrientations_iPhone = "UIInterfaceOrientationPortrait UIInterfaceOrientationLandscapeLeft UIInterfaceOrientationLandscapeRight";
				IPHONEOS_DEPLOYMENT_TARGET = 15.0;
				LD_RUNPATH_SEARCH_PATHS = (
					"$(inherited)",
					"@executable_path/Frameworks",
				);
				MARKETING_VERSION = 1.0;
				PRODUCT_BUNDLE_IDENTIFIER = com.mgua.ReaddleAssignment;
				PRODUCT_NAME = "$(TARGET_NAME)";
				SWIFT_EMIT_LOC_STRINGS = YES;
				SWIFT_VERSION = 5.0;
				TARGETED_DEVICE_FAMILY = "1,2";
			};
			name = Release;
		};
		E2D03047284DC19A00E6247E /* Debug */ = {
			isa = XCBuildConfiguration;
			buildSettings = {
				ALWAYS_EMBED_SWIFT_STANDARD_LIBRARIES = YES;
				BUNDLE_LOADER = "$(TEST_HOST)";
				CODE_SIGN_STYLE = Automatic;
				CURRENT_PROJECT_VERSION = 1;
				DEVELOPMENT_TEAM = TW4MPRU9AN;
				GENERATE_INFOPLIST_FILE = YES;
				IPHONEOS_DEPLOYMENT_TARGET = 15.0;
				MARKETING_VERSION = 1.0;
				PRODUCT_BUNDLE_IDENTIFIER = com.mgua.ReaddleAssignmentTests;
				PRODUCT_NAME = "$(TARGET_NAME)";
				SWIFT_EMIT_LOC_STRINGS = NO;
				SWIFT_VERSION = 5.0;
				TARGETED_DEVICE_FAMILY = "1,2";
				TEST_HOST = "$(BUILT_PRODUCTS_DIR)/ReaddleAssignment.app/ReaddleAssignment";
			};
			name = Debug;
		};
		E2D03048284DC19A00E6247E /* Release */ = {
			isa = XCBuildConfiguration;
			buildSettings = {
				ALWAYS_EMBED_SWIFT_STANDARD_LIBRARIES = YES;
				BUNDLE_LOADER = "$(TEST_HOST)";
				CODE_SIGN_STYLE = Automatic;
				CURRENT_PROJECT_VERSION = 1;
				DEVELOPMENT_TEAM = TW4MPRU9AN;
				GENERATE_INFOPLIST_FILE = YES;
				IPHONEOS_DEPLOYMENT_TARGET = 15.0;
				MARKETING_VERSION = 1.0;
				PRODUCT_BUNDLE_IDENTIFIER = com.mgua.ReaddleAssignmentTests;
				PRODUCT_NAME = "$(TARGET_NAME)";
				SWIFT_EMIT_LOC_STRINGS = NO;
				SWIFT_VERSION = 5.0;
				TARGETED_DEVICE_FAMILY = "1,2";
				TEST_HOST = "$(BUILT_PRODUCTS_DIR)/ReaddleAssignment.app/ReaddleAssignment";
			};
			name = Release;
		};
		E2D0304A284DC19A00E6247E /* Debug */ = {
			isa = XCBuildConfiguration;
			buildSettings = {
				ALWAYS_EMBED_SWIFT_STANDARD_LIBRARIES = YES;
				CODE_SIGN_STYLE = Automatic;
				CURRENT_PROJECT_VERSION = 1;
				DEVELOPMENT_TEAM = TW4MPRU9AN;
				GENERATE_INFOPLIST_FILE = YES;
				MARKETING_VERSION = 1.0;
				PRODUCT_BUNDLE_IDENTIFIER = com.mgua.ReaddleAssignmentUITests;
				PRODUCT_NAME = "$(TARGET_NAME)";
				SWIFT_EMIT_LOC_STRINGS = NO;
				SWIFT_VERSION = 5.0;
				TARGETED_DEVICE_FAMILY = "1,2";
				TEST_TARGET_NAME = ReaddleAssignment;
			};
			name = Debug;
		};
		E2D0304B284DC19A00E6247E /* Release */ = {
			isa = XCBuildConfiguration;
			buildSettings = {
				ALWAYS_EMBED_SWIFT_STANDARD_LIBRARIES = YES;
				CODE_SIGN_STYLE = Automatic;
				CURRENT_PROJECT_VERSION = 1;
				DEVELOPMENT_TEAM = TW4MPRU9AN;
				GENERATE_INFOPLIST_FILE = YES;
				MARKETING_VERSION = 1.0;
				PRODUCT_BUNDLE_IDENTIFIER = com.mgua.ReaddleAssignmentUITests;
				PRODUCT_NAME = "$(TARGET_NAME)";
				SWIFT_EMIT_LOC_STRINGS = NO;
				SWIFT_VERSION = 5.0;
				TARGETED_DEVICE_FAMILY = "1,2";
				TEST_TARGET_NAME = ReaddleAssignment;
			};
			name = Release;
		};
/* End XCBuildConfiguration section */

/* Begin XCConfigurationList section */
		E2D03014284DC19600E6247E /* Build configuration list for PBXProject "ReaddleAssignment" */ = {
			isa = XCConfigurationList;
			buildConfigurations = (
				E2D03041284DC19A00E6247E /* Debug */,
				E2D03042284DC19A00E6247E /* Release */,
			);
			defaultConfigurationIsVisible = 0;
			defaultConfigurationName = Release;
		};
		E2D03043284DC19A00E6247E /* Build configuration list for PBXNativeTarget "ReaddleAssignment" */ = {
			isa = XCConfigurationList;
			buildConfigurations = (
				E2D03044284DC19A00E6247E /* Debug */,
				E2D03045284DC19A00E6247E /* Release */,
			);
			defaultConfigurationIsVisible = 0;
			defaultConfigurationName = Release;
		};
		E2D03046284DC19A00E6247E /* Build configuration list for PBXNativeTarget "ReaddleAssignmentTests" */ = {
			isa = XCConfigurationList;
			buildConfigurations = (
				E2D03047284DC19A00E6247E /* Debug */,
				E2D03048284DC19A00E6247E /* Release */,
			);
			defaultConfigurationIsVisible = 0;
			defaultConfigurationName = Release;
		};
		E2D03049284DC19A00E6247E /* Build configuration list for PBXNativeTarget "ReaddleAssignmentUITests" */ = {
			isa = XCConfigurationList;
			buildConfigurations = (
				E2D0304A284DC19A00E6247E /* Debug */,
				E2D0304B284DC19A00E6247E /* Release */,
			);
			defaultConfigurationIsVisible = 0;
			defaultConfigurationName = Release;
		};
/* End XCConfigurationList section */
	};
	rootObject = E2D03011284DC19600E6247E /* Project object */;
}
